
Microsoft Visual Studio Solution File, Format Version 12.00
# Visual Studio 15
VisualStudioVersion = 15.0.27130.2010
MinimumVisualStudioVersion = 10.0.40219.1
Project("{FAE04EC0-301F-11D3-BF4B-00C04F79EFBC}") = "ClientAppUsingB2C.Client", "ClientAppUsingB2C.Client\ClientAppUsingB2C.Client.csproj", "{E62610C3-4332-4D56-A435-1A6CB8B510EA}"
EndProject
Project("{FAE04EC0-301F-11D3-BF4B-00C04F79EFBC}") = "ClientAppUsingB2C.Server", "ClientAppUsingB2C.Server\ClientAppUsingB2C.Server.csproj", "{2E44F5AA-3FEB-444E-8479-C489AE75AA19}"
EndProject
Global
	GlobalSection(SolutionConfigurationPlatforms) = preSolution
		Debug|Any CPU = Debug|Any CPU
		Debug|ARM = Debug|ARM
		Debug|x64 = Debug|x64
		Debug|x86 = Debug|x86
		Release|Any CPU = Release|Any CPU
		Release|ARM = Release|ARM
		Release|x64 = Release|x64
		Release|x86 = Release|x86
	EndGlobalSection
	GlobalSection(ProjectConfigurationPlatforms) = postSolution
		{E62610C3-4332-4D56-A435-1A6CB8B510EA}.Debug|Any CPU.ActiveCfg = Debug|x86
		{E62610C3-4332-4D56-A435-1A6CB8B510EA}.Debug|Any CPU.Build.0 = Debug|x86
		{E62610C3-4332-4D56-A435-1A6CB8B510EA}.Debug|Any CPU.Deploy.0 = Debug|x86
		{E62610C3-4332-4D56-A435-1A6CB8B510EA}.Debug|ARM.ActiveCfg = Debug|ARM
		{E62610C3-4332-4D56-A435-1A6CB8B510EA}.Debug|ARM.Build.0 = Debug|ARM
		{E62610C3-4332-4D56-A435-1A6CB8B510EA}.Debug|ARM.Deploy.0 = Debug|ARM
		{E62610C3-4332-4D56-A435-1A6CB8B510EA}.Debug|x64.ActiveCfg = Debug|x64
		{E62610C3-4332-4D56-A435-1A6CB8B510EA}.Debug|x64.Build.0 = Debug|x64
		{E62610C3-4332-4D56-A435-1A6CB8B510EA}.Debug|x64.Deploy.0 = Debug|x64
		{E62610C3-4332-4D56-A435-1A6CB8B510EA}.Debug|x86.ActiveCfg = Debug|x86
		{E62610C3-4332-4D56-A435-1A6CB8B510EA}.Debug|x86.Build.0 = Debug|x86
		{E62610C3-4332-4D56-A435-1A6CB8B510EA}.Debug|x86.Deploy.0 = Debug|x86
		{E62610C3-4332-4D56-A435-1A6CB8B510EA}.Release|Any CPU.ActiveCfg = Release|x86
		{E62610C3-4332-4D56-A435-1A6CB8B510EA}.Release|ARM.ActiveCfg = Release|ARM
		{E62610C3-4332-4D56-A435-1A6CB8B510EA}.Release|ARM.Build.0 = Release|ARM
		{E62610C3-4332-4D56-A435-1A6CB8B510EA}.Release|ARM.Deploy.0 = Release|ARM
		{E62610C3-4332-4D56-A435-1A6CB8B510EA}.Release|x64.ActiveCfg = Release|x64
		{E62610C3-4332-4D56-A435-1A6CB8B510EA}.Release|x64.Build.0 = Release|x64
		{E62610C3-4332-4D56-A435-1A6CB8B510EA}.Release|x64.Deploy.0 = Release|x64
		{E62610C3-4332-4D56-A435-1A6CB8B510EA}.Release|x86.ActiveCfg = Release|x86
		{E62610C3-4332-4D56-A435-1A6CB8B510EA}.Release|x86.Build.0 = Release|x86
		{E62610C3-4332-4D56-A435-1A6CB8B510EA}.Release|x86.Deploy.0 = Release|x86
		{2E44F5AA-3FEB-444E-8479-C489AE75AA19}.Debug|Any CPU.ActiveCfg = Debug|Any CPU
		{2E44F5AA-3FEB-444E-8479-C489AE75AA19}.Debug|Any CPU.Build.0 = Debug|Any CPU
		{2E44F5AA-3FEB-444E-8479-C489AE75AA19}.Debug|ARM.ActiveCfg = Debug|Any CPU
		{2E44F5AA-3FEB-444E-8479-C489AE75AA19}.Debug|ARM.Build.0 = Debug|Any CPU
		{2E44F5AA-3FEB-444E-8479-C489AE75AA19}.Debug|x64.ActiveCfg = Debug|Any CPU
		{2E44F5AA-3FEB-444E-8479-C489AE75AA19}.Debug|x64.Build.0 = Debug|Any CPU
		{2E44F5AA-3FEB-444E-8479-C489AE75AA19}.Debug|x86.ActiveCfg = Debug|Any CPU
		{2E44F5AA-3FEB-444E-8479-C489AE75AA19}.Debug|x86.Build.0 = Debug|Any CPU
		{2E44F5AA-3FEB-444E-8479-C489AE75AA19}.Release|Any CPU.ActiveCfg = Release|Any CPU
		{2E44F5AA-3FEB-444E-8479-C489AE75AA19}.Release|Any CPU.Build.0 = Release|Any CPU
		{2E44F5AA-3FEB-444E-8479-C489AE75AA19}.Release|ARM.ActiveCfg = Release|Any CPU
		{2E44F5AA-3FEB-444E-8479-C489AE75AA19}.Release|ARM.Build.0 = Release|Any CPU
		{2E44F5AA-3FEB-444E-8479-C489AE75AA19}.Release|x64.ActiveCfg = Release|Any CPU
		{2E44F5AA-3FEB-444E-8479-C489AE75AA19}.Release|x64.Build.0 = Release|Any CPU
		{2E44F5AA-3FEB-444E-8479-C489AE75AA19}.Release|x86.ActiveCfg = Release|Any CPU
		{2E44F5AA-3FEB-444E-8479-C489AE75AA19}.Release|x86.Build.0 = Release|Any CPU
	EndGlobalSection
	GlobalSection(SolutionProperties) = preSolution
		HideSolutionNode = FALSE
	EndGlobalSection
	GlobalSection(ExtensibilityGlobals) = postSolution
		SolutionGuid = {931855A9-7770-4279-BC3F-68FA3397F071}
	EndGlobalSection
EndGlobal
